
Microsoft Visual Studio Solution File, Format Version 12.00
# Visual Studio Version 17
VisualStudioVersion = 17.7.34031.279
MinimumVisualStudioVersion = 10.0.40219.1
Project("{FAE04EC0-301F-11D3-BF4B-00C04F79EFBC}") = "Tour Management System", "Tour Management System\Tour Management System.csproj", "{5AEE4DB6-2B08-4802-8224-4B96C750CA71}"
EndProject
Global
	GlobalSection(SolutionConfigurationPlatforms) = preSolution
		Debug|Any CPU = Debug|Any CPU
		Release|Any CPU = Release|Any CPU
	EndGlobalSection
	GlobalSection(ProjectConfigurationPlatforms) = postSolution
		{5AEE4DB6-2B08-4802-8224-4B96C750CA71}.Debug|Any CPU.ActiveCfg = Debug|Any CPU
		{5AEE4DB6-2B08-4802-8224-4B96C750CA71}.Debug|Any CPU.Build.0 = Debug|Any CPU
		{5AEE4DB6-2B08-4802-8224-4B96C750CA71}.Release|Any CPU.ActiveCfg = Release|Any CPU
		{5AEE4DB6-2B08-4802-8224-4B96C750CA71}.Release|Any CPU.Build.0 = Release|Any CPU
	EndGlobalSection
	GlobalSection(SolutionProperties) = preSolution
		HideSolutionNode = FALSE
	EndGlobalSection
	GlobalSection(ExtensibilityGlobals) = postSolution
		SolutionGuid = {58E2179C-6CD4-458B-9851-D657D3DF8535}
	EndGlobalSection
EndGlobal
